
Microsoft Visual Studio Solution File, Format Version 12.00
# Visual Studio Version 17
VisualStudioVersion = 17.4.33122.133
MinimumVisualStudioVersion = 10.0.40219.1
EndProject
Project("{9A19103F-16F7-4668-BE54-9A1E7A4F7556}") = "AQAcademy_ERP", "AQCricket_ERP\AQAcademy_ERP.csproj", "{ACF98361-FFC6-4436-A9E5-B1E0EDEBD976}"
EndProject
Global
	GlobalSection(SolutionConfigurationPlatforms) = preSolution
		Debug|Any CPU = Debug|Any CPU
		Release|Any CPU = Release|Any CPU
	EndGlobalSection
	GlobalSection(ProjectConfigurationPlatforms) = postSolution
		{4184F6C2-42CB-46C3-BCF9-25BE895A57E4}.Debug|Any CPU.ActiveCfg = Debug|Any CPU
		{4184F6C2-42CB-46C3-BCF9-25BE895A57E4}.Debug|Any CPU.Build.0 = Debug|Any CPU
		{ACF98361-FFC6-4436-A9E5-B1E0EDEBD976}.Debug|Any CPU.Build.0 = Debug|Any CPU
		{ACF98361-FFC6-4436-A9E5-B1E0EDEBD976}.Release|Any CPU.ActiveCfg = Release|Any CPU
		{ACF98361-FFC6-4436-A9E5-B1E0EDEBD976}.Release|Any CPU.Build.0 = Release|Any CPU
	EndGlobalSection
	GlobalSection(SolutionProperties) = preSolution
		HideSolutionNode = FALSE
	EndGlobalSection
	GlobalSection(ExtensibilityGlobals) = postSolution
		SolutionGuid = {12559DF5-3422-4394-A1EC-3DA21050A408}
	EndGlobalSection
EndGlobal
